
Microsoft Visual Studio Solution File, Format Version 12.00
# Visual Studio Version 17
VisualStudioVersion = 17.4.33122.133
MinimumVisualStudioVersion = 10.0.40219.1
Project("{FAE04EC0-301F-11D3-BF4B-00C04F79EFBC}") = "EmployeeLinkedList_Ellis", "EmployeeLinkedList_Ellis\EmployeeLinkedList_Ellis.csproj", "{560E228B-BFEB-4331-A8DA-F8036E1EB719}"
EndProject
Global
	GlobalSection(SolutionConfigurationPlatforms) = preSolution
		Debug|Any CPU = Debug|Any CPU
		Release|Any CPU = Release|Any CPU
	EndGlobalSection
	GlobalSection(ProjectConfigurationPlatforms) = postSolution
		{560E228B-BFEB-4331-A8DA-F8036E1EB719}.Debug|Any CPU.ActiveCfg = Debug|Any CPU
		{560E228B-BFEB-4331-A8DA-F8036E1EB719}.Debug|Any CPU.Build.0 = Debug|Any CPU
		{560E228B-BFEB-4331-A8DA-F8036E1EB719}.Release|Any CPU.ActiveCfg = Release|Any CPU
		{560E228B-BFEB-4331-A8DA-F8036E1EB719}.Release|Any CPU.Build.0 = Release|Any CPU
	EndGlobalSection
	GlobalSection(SolutionProperties) = preSolution
		HideSolutionNode = FALSE
	EndGlobalSection
	GlobalSection(ExtensibilityGlobals) = postSolution
		SolutionGuid = {F235E5D0-99CD-473C-951B-3D84D97FCEAB}
	EndGlobalSection
EndGlobal
